// !$*UTF8*$!
{
	archiveVersion = 1;
	classes = {
	};
	objectVersion = 48;
	objects = {

/* Begin PBXBuildFile section */
		14035C181FF24E95005ABAE0 /* AlarmSettingViewController.swift in Sources */ = {isa = PBXBuildFile; fileRef = 14035C071FF24E95005ABAE0 /* AlarmSettingViewController.swift */; };
		14035C191FF24E95005ABAE0 /* AlarmSwitchCell.swift in Sources */ = {isa = PBXBuildFile; fileRef = 14035C081FF24E95005ABAE0 /* AlarmSwitchCell.swift */; };
		14035C1A1FF24E95005ABAE0 /* TotalAlarmSwitchCell.swift in Sources */ = {isa = PBXBuildFile; fileRef = 14035C091FF24E95005ABAE0 /* TotalAlarmSwitchCell.swift */; };
		14035C1C1FF24E95005ABAE0 /* EditInfoViewController.swift in Sources */ = {isa = PBXBuildFile; fileRef = 14035C0D1FF24E95005ABAE0 /* EditInfoViewController.swift */; };
		14035C1D1FF24E95005ABAE0 /* MyInfoCell.swift in Sources */ = {isa = PBXBuildFile; fileRef = 14035C0E1FF24E95005ABAE0 /* MyInfoCell.swift */; };
		14035C1E1FF24E95005ABAE0 /* PetInfoCell.swift in Sources */ = {isa = PBXBuildFile; fileRef = 14035C0F1FF24E95005ABAE0 /* PetInfoCell.swift */; };
		14035C1F1FF24E95005ABAE0 /* MyPage.storyboard in Resources */ = {isa = PBXBuildFile; fileRef = 14035C101FF24E95005ABAE0 /* MyPage.storyboard */; };
		14035C201FF24E95005ABAE0 /* MyMenuCell.swift in Sources */ = {isa = PBXBuildFile; fileRef = 14035C121FF24E95005ABAE0 /* MyMenuCell.swift */; };
		14035C211FF24E95005ABAE0 /* MyPageViewController.swift in Sources */ = {isa = PBXBuildFile; fileRef = 14035C131FF24E95005ABAE0 /* MyPageViewController.swift */; };
		14035C221FF24E95005ABAE0 /* ProfileCell.swift in Sources */ = {isa = PBXBuildFile; fileRef = 14035C141FF24E95005ABAE0 /* ProfileCell.swift */; };
		14035C231FF24E95005ABAE0 /* SettingCell.swift in Sources */ = {isa = PBXBuildFile; fileRef = 14035C151FF24E95005ABAE0 /* SettingCell.swift */; };
		14035C241FF24E95005ABAE0 /* SettingHeaderCell.swift in Sources */ = {isa = PBXBuildFile; fileRef = 14035C161FF24E95005ABAE0 /* SettingHeaderCell.swift */; };
		14417CB11FF2DC5D00EA77B3 /* FAQViewController.swift in Sources */ = {isa = PBXBuildFile; fileRef = 14417CB01FF2DC5D00EA77B3 /* FAQViewController.swift */; };
		14417CB31FF2DF7200EA77B3 /* FAQDetailViewController.swift in Sources */ = {isa = PBXBuildFile; fileRef = 14417CB21FF2DF7200EA77B3 /* FAQDetailViewController.swift */; };
		14417CB61FF2F06500EA77B3 /* TermsOfUseViewController.swift in Sources */ = {isa = PBXBuildFile; fileRef = 14417CB51FF2F06500EA77B3 /* TermsOfUseViewController.swift */; };
		148F3F781FF51BB500E83B6B /* TeamIntroductionViewController.swift in Sources */ = {isa = PBXBuildFile; fileRef = 148F3F771FF51BB500E83B6B /* TeamIntroductionViewController.swift */; };
		14BF2FD31FF4111E00E5D2BE /* AlarmMealTimePickerViewController.swift in Sources */ = {isa = PBXBuildFile; fileRef = 14BF2FD21FF4111E00E5D2BE /* AlarmMealTimePickerViewController.swift */; };
		14C19B441FF3DB43001B8229 /* MessageUI.framework in Frameworks */ = {isa = PBXBuildFile; fileRef = 14C19B431FF3DB38001B8229 /* MessageUI.framework */; };
		14DA008C1FF58C4700819A96 /* TeamMemberIntroductionCell.swift in Sources */ = {isa = PBXBuildFile; fileRef = 14DA008B1FF58C4700819A96 /* TeamMemberIntroductionCell.swift */; };
		14DA008E1FF598D700819A96 /* IntroductionImageCell.swift in Sources */ = {isa = PBXBuildFile; fileRef = 14DA008D1FF598D700819A96 /* IntroductionImageCell.swift */; };
		14DA00901FF598E700819A96 /* TeamLbCell.swift in Sources */ = {isa = PBXBuildFile; fileRef = 14DA008F1FF598E700819A96 /* TeamLbCell.swift */; };
		14DA00951FF6570E00819A96 /* LeaveMembershipHeaderCell.swift in Sources */ = {isa = PBXBuildFile; fileRef = 14DA00941FF6570E00819A96 /* LeaveMembershipHeaderCell.swift */; };
		14DA00971FF6572A00819A96 /* LeaveMembershipReasonCell.swift in Sources */ = {isa = PBXBuildFile; fileRef = 14DA00961FF6572A00819A96 /* LeaveMembershipReasonCell.swift */; };
		14DA00991FF6573D00819A96 /* LeaveMembershipBtnCell.swift in Sources */ = {isa = PBXBuildFile; fileRef = 14DA00981FF6573D00819A96 /* LeaveMembershipBtnCell.swift */; };
		14DA009D1FF671D200819A96 /* MyPageDataCenter.swift in Sources */ = {isa = PBXBuildFile; fileRef = 14DA009C1FF671D200819A96 /* MyPageDataCenter.swift */; };
		14DC31B01FFD687800C046F4 /* LeaveMembershipViewController.swift in Sources */ = {isa = PBXBuildFile; fileRef = 14DC31AF1FFD687800C046F4 /* LeaveMembershipViewController.swift */; };
		14E193711FFCF7170064C95E /* LeaveMembershipEtcReasonCell.swift in Sources */ = {isa = PBXBuildFile; fileRef = 14E193701FFCF7170064C95E /* LeaveMembershipEtcReasonCell.swift */; };
		4C01C85E1FEB886B0016E674 /* AppDelegate.swift in Sources */ = {isa = PBXBuildFile; fileRef = 4C01C85D1FEB886B0016E674 /* AppDelegate.swift */; };
		4C01C8631FEB886B0016E674 /* Main.storyboard in Resources */ = {isa = PBXBuildFile; fileRef = 4C01C8611FEB886B0016E674 /* Main.storyboard */; };
		4C01C8651FEB886B0016E674 /* Assets.xcassets in Resources */ = {isa = PBXBuildFile; fileRef = 4C01C8641FEB886B0016E674 /* Assets.xcassets */; };
		4C01C8681FEB886B0016E674 /* LaunchScreen.storyboard in Resources */ = {isa = PBXBuildFile; fileRef = 4C01C8661FEB886B0016E674 /* LaunchScreen.storyboard */; };
		4C5FBD651FFEB351004C66EE /* DogMainViewController.swift in Sources */ = {isa = PBXBuildFile; fileRef = 4C5FBD641FFEB351004C66EE /* DogMainViewController.swift */; };
		4C5FBD671FFEB357004C66EE /* CatMainViewController.swift in Sources */ = {isa = PBXBuildFile; fileRef = 4C5FBD661FFEB357004C66EE /* CatMainViewController.swift */; };
		4C5FBD6C1FFEB35F004C66EE /* MainMenuIconCollectionViewCell.swift in Sources */ = {isa = PBXBuildFile; fileRef = 4C5FBD681FFEB35F004C66EE /* MainMenuIconCollectionViewCell.swift */; };
		4C5FBD6D1FFEB35F004C66EE /* MainMenuIconCollectionViewCell.xib in Resources */ = {isa = PBXBuildFile; fileRef = 4C5FBD691FFEB35F004C66EE /* MainMenuIconCollectionViewCell.xib */; };
		4C5FBD6E1FFEB35F004C66EE /* MainViewController.swift in Sources */ = {isa = PBXBuildFile; fileRef = 4C5FBD6A1FFEB35F004C66EE /* MainViewController.swift */; };
		4C5FBD6F1FFEB35F004C66EE /* PageControllerBaseController.swift in Sources */ = {isa = PBXBuildFile; fileRef = 4C5FBD6B1FFEB35F004C66EE /* PageControllerBaseController.swift */; };
		4CAD767E1FED13BF00EDE859 /* loginVideo.mov in Resources */ = {isa = PBXBuildFile; fileRef = 4CAD767D1FED13BF00EDE859 /* loginVideo.mov */; };
		4CAD76801FED142E00EDE859 /* LoginViewController.swift in Sources */ = {isa = PBXBuildFile; fileRef = 4CAD767F1FED142E00EDE859 /* LoginViewController.swift */; };
		4CAD76821FED3B8D00EDE859 /* DataCenter.swift in Sources */ = {isa = PBXBuildFile; fileRef = 4CAD76811FED3B8D00EDE859 /* DataCenter.swift */; };
		4CBD557D1FED043300D37FE8 /* GoogleService-Info.plist in Resources */ = {isa = PBXBuildFile; fileRef = 4CBD557C1FED043300D37FE8 /* GoogleService-Info.plist */; };
		4CE4F5D71FFEAC410047E9F9 /* AddPetInformationViewController.swift in Sources */ = {isa = PBXBuildFile; fileRef = 4CE4F5D51FFEAC410047E9F9 /* AddPetInformationViewController.swift */; };
		4CE4F5D81FFEAC410047E9F9 /* AddUserInformationViewController.swift in Sources */ = {isa = PBXBuildFile; fileRef = 4CE4F5D61FFEAC410047E9F9 /* AddUserInformationViewController.swift */; };
		4CE4F5DA1FFEAD2B0047E9F9 /* Extension.swift in Sources */ = {isa = PBXBuildFile; fileRef = 4CE4F5D91FFEAD2B0047E9F9 /* Extension.swift */; };
		4CE4F5DD1FFEAD5A0047E9F9 /* PetAgeCollectionViewCell.swift in Sources */ = {isa = PBXBuildFile; fileRef = 4CE4F5DB1FFEAD5A0047E9F9 /* PetAgeCollectionViewCell.swift */; };
		4CE4F5DE1FFEAD5A0047E9F9 /* PetFunctionalCollectionViewCell.swift in Sources */ = {isa = PBXBuildFile; fileRef = 4CE4F5DC1FFEAD5A0047E9F9 /* PetFunctionalCollectionViewCell.swift */; };
		6ACED27F2266C806A26F1AEA /* Pods_FeedPet.framework in Frameworks */ = {isa = PBXBuildFile; fileRef = 3219B4369B3766416839B81B /* Pods_FeedPet.framework */; };
/* End PBXBuildFile section */

/* Begin PBXFileReference section */
		14035C071FF24E95005ABAE0 /* AlarmSettingViewController.swift */ = {isa = PBXFileReference; fileEncoding = 4; lastKnownFileType = sourcecode.swift; path = AlarmSettingViewController.swift; sourceTree = "<group>"; };
		14035C081FF24E95005ABAE0 /* AlarmSwitchCell.swift */ = {isa = PBXFileReference; fileEncoding = 4; lastKnownFileType = sourcecode.swift; path = AlarmSwitchCell.swift; sourceTree = "<group>"; };
		14035C091FF24E95005ABAE0 /* TotalAlarmSwitchCell.swift */ = {isa = PBXFileReference; fileEncoding = 4; lastKnownFileType = sourcecode.swift; path = TotalAlarmSwitchCell.swift; sourceTree = "<group>"; };
		14035C0D1FF24E95005ABAE0 /* EditInfoViewController.swift */ = {isa = PBXFileReference; fileEncoding = 4; lastKnownFileType = sourcecode.swift; path = EditInfoViewController.swift; sourceTree = "<group>"; };
		14035C0E1FF24E95005ABAE0 /* MyInfoCell.swift */ = {isa = PBXFileReference; fileEncoding = 4; lastKnownFileType = sourcecode.swift; path = MyInfoCell.swift; sourceTree = "<group>"; };
		14035C0F1FF24E95005ABAE0 /* PetInfoCell.swift */ = {isa = PBXFileReference; fileEncoding = 4; lastKnownFileType = sourcecode.swift; path = PetInfoCell.swift; sourceTree = "<group>"; };
		14035C101FF24E95005ABAE0 /* MyPage.storyboard */ = {isa = PBXFileReference; fileEncoding = 4; lastKnownFileType = file.storyboard; path = MyPage.storyboard; sourceTree = "<group>"; };
		14035C121FF24E95005ABAE0 /* MyMenuCell.swift */ = {isa = PBXFileReference; fileEncoding = 4; lastKnownFileType = sourcecode.swift; path = MyMenuCell.swift; sourceTree = "<group>"; };
		14035C131FF24E95005ABAE0 /* MyPageViewController.swift */ = {isa = PBXFileReference; fileEncoding = 4; lastKnownFileType = sourcecode.swift; path = MyPageViewController.swift; sourceTree = "<group>"; };
		14035C141FF24E95005ABAE0 /* ProfileCell.swift */ = {isa = PBXFileReference; fileEncoding = 4; lastKnownFileType = sourcecode.swift; path = ProfileCell.swift; sourceTree = "<group>"; };
		14035C151FF24E95005ABAE0 /* SettingCell.swift */ = {isa = PBXFileReference; fileEncoding = 4; lastKnownFileType = sourcecode.swift; path = SettingCell.swift; sourceTree = "<group>"; };
		14035C161FF24E95005ABAE0 /* SettingHeaderCell.swift */ = {isa = PBXFileReference; fileEncoding = 4; lastKnownFileType = sourcecode.swift; path = SettingHeaderCell.swift; sourceTree = "<group>"; };
		14417CB01FF2DC5D00EA77B3 /* FAQViewController.swift */ = {isa = PBXFileReference; lastKnownFileType = sourcecode.swift; path = FAQViewController.swift; sourceTree = "<group>"; };
		14417CB21FF2DF7200EA77B3 /* FAQDetailViewController.swift */ = {isa = PBXFileReference; lastKnownFileType = sourcecode.swift; path = FAQDetailViewController.swift; sourceTree = "<group>"; };
		14417CB51FF2F06500EA77B3 /* TermsOfUseViewController.swift */ = {isa = PBXFileReference; lastKnownFileType = sourcecode.swift; path = TermsOfUseViewController.swift; sourceTree = "<group>"; };
		148F3F771FF51BB500E83B6B /* TeamIntroductionViewController.swift */ = {isa = PBXFileReference; lastKnownFileType = sourcecode.swift; path = TeamIntroductionViewController.swift; sourceTree = "<group>"; };
		14BF2FD21FF4111E00E5D2BE /* AlarmMealTimePickerViewController.swift */ = {isa = PBXFileReference; lastKnownFileType = sourcecode.swift; path = AlarmMealTimePickerViewController.swift; sourceTree = "<group>"; };
		14C19B431FF3DB38001B8229 /* MessageUI.framework */ = {isa = PBXFileReference; lastKnownFileType = wrapper.framework; name = MessageUI.framework; path = System/Library/Frameworks/MessageUI.framework; sourceTree = SDKROOT; };
		14DA008B1FF58C4700819A96 /* TeamMemberIntroductionCell.swift */ = {isa = PBXFileReference; lastKnownFileType = sourcecode.swift; path = TeamMemberIntroductionCell.swift; sourceTree = "<group>"; };
		14DA008D1FF598D700819A96 /* IntroductionImageCell.swift */ = {isa = PBXFileReference; lastKnownFileType = sourcecode.swift; path = IntroductionImageCell.swift; sourceTree = "<group>"; };
		14DA008F1FF598E700819A96 /* TeamLbCell.swift */ = {isa = PBXFileReference; lastKnownFileType = sourcecode.swift; path = TeamLbCell.swift; sourceTree = "<group>"; };
		14DA00941FF6570E00819A96 /* LeaveMembershipHeaderCell.swift */ = {isa = PBXFileReference; lastKnownFileType = sourcecode.swift; path = LeaveMembershipHeaderCell.swift; sourceTree = "<group>"; };
		14DA00961FF6572A00819A96 /* LeaveMembershipReasonCell.swift */ = {isa = PBXFileReference; lastKnownFileType = sourcecode.swift; path = LeaveMembershipReasonCell.swift; sourceTree = "<group>"; };
		14DA00981FF6573D00819A96 /* LeaveMembershipBtnCell.swift */ = {isa = PBXFileReference; lastKnownFileType = sourcecode.swift; path = LeaveMembershipBtnCell.swift; sourceTree = "<group>"; };
		14DA009C1FF671D200819A96 /* MyPageDataCenter.swift */ = {isa = PBXFileReference; lastKnownFileType = sourcecode.swift; path = MyPageDataCenter.swift; sourceTree = "<group>"; };
		14DC31AF1FFD687800C046F4 /* LeaveMembershipViewController.swift */ = {isa = PBXFileReference; lastKnownFileType = sourcecode.swift; path = LeaveMembershipViewController.swift; sourceTree = "<group>"; };
		14E193701FFCF7170064C95E /* LeaveMembershipEtcReasonCell.swift */ = {isa = PBXFileReference; lastKnownFileType = sourcecode.swift; path = LeaveMembershipEtcReasonCell.swift; sourceTree = "<group>"; };
		155F8EE9A3FF90944F5A4F83 /* Pods-FeedPet.debug.xcconfig */ = {isa = PBXFileReference; includeInIndex = 1; lastKnownFileType = text.xcconfig; name = "Pods-FeedPet.debug.xcconfig"; path = "Pods/Target Support Files/Pods-FeedPet/Pods-FeedPet.debug.xcconfig"; sourceTree = "<group>"; };
		3219B4369B3766416839B81B /* Pods_FeedPet.framework */ = {isa = PBXFileReference; explicitFileType = wrapper.framework; includeInIndex = 0; path = Pods_FeedPet.framework; sourceTree = BUILT_PRODUCTS_DIR; };
		3A3C22C8F7964B2242907916 /* Pods-FeedPet.release.xcconfig */ = {isa = PBXFileReference; includeInIndex = 1; lastKnownFileType = text.xcconfig; name = "Pods-FeedPet.release.xcconfig"; path = "Pods/Target Support Files/Pods-FeedPet/Pods-FeedPet.release.xcconfig"; sourceTree = "<group>"; };
		4C01C85A1FEB886B0016E674 /* FeedPet.app */ = {isa = PBXFileReference; explicitFileType = wrapper.application; includeInIndex = 0; path = FeedPet.app; sourceTree = BUILT_PRODUCTS_DIR; };
		4C01C85D1FEB886B0016E674 /* AppDelegate.swift */ = {isa = PBXFileReference; lastKnownFileType = sourcecode.swift; path = AppDelegate.swift; sourceTree = "<group>"; };
		4C01C8621FEB886B0016E674 /* Base */ = {isa = PBXFileReference; lastKnownFileType = file.storyboard; name = Base; path = Base.lproj/Main.storyboard; sourceTree = "<group>"; };
		4C01C8641FEB886B0016E674 /* Assets.xcassets */ = {isa = PBXFileReference; lastKnownFileType = folder.assetcatalog; path = Assets.xcassets; sourceTree = "<group>"; };
		4C01C8671FEB886B0016E674 /* Base */ = {isa = PBXFileReference; lastKnownFileType = file.storyboard; name = Base; path = Base.lproj/LaunchScreen.storyboard; sourceTree = "<group>"; };
		4C01C8691FEB886B0016E674 /* Info.plist */ = {isa = PBXFileReference; lastKnownFileType = text.plist.xml; path = Info.plist; sourceTree = "<group>"; };
		4C5FBD641FFEB351004C66EE /* DogMainViewController.swift */ = {isa = PBXFileReference; fileEncoding = 4; lastKnownFileType = sourcecode.swift; path = DogMainViewController.swift; sourceTree = "<group>"; };
		4C5FBD661FFEB357004C66EE /* CatMainViewController.swift */ = {isa = PBXFileReference; fileEncoding = 4; lastKnownFileType = sourcecode.swift; path = CatMainViewController.swift; sourceTree = "<group>"; };
		4C5FBD681FFEB35F004C66EE /* MainMenuIconCollectionViewCell.swift */ = {isa = PBXFileReference; fileEncoding = 4; lastKnownFileType = sourcecode.swift; path = MainMenuIconCollectionViewCell.swift; sourceTree = "<group>"; };
		4C5FBD691FFEB35F004C66EE /* MainMenuIconCollectionViewCell.xib */ = {isa = PBXFileReference; fileEncoding = 4; lastKnownFileType = file.xib; path = MainMenuIconCollectionViewCell.xib; sourceTree = "<group>"; };
		4C5FBD6A1FFEB35F004C66EE /* MainViewController.swift */ = {isa = PBXFileReference; fileEncoding = 4; lastKnownFileType = sourcecode.swift; path = MainViewController.swift; sourceTree = "<group>"; };
		4C5FBD6B1FFEB35F004C66EE /* PageControllerBaseController.swift */ = {isa = PBXFileReference; fileEncoding = 4; lastKnownFileType = sourcecode.swift; path = PageControllerBaseController.swift; sourceTree = "<group>"; };
		4CAD767D1FED13BF00EDE859 /* loginVideo.mov */ = {isa = PBXFileReference; lastKnownFileType = video.quicktime; path = loginVideo.mov; sourceTree = "<group>"; };
		4CAD767F1FED142E00EDE859 /* LoginViewController.swift */ = {isa = PBXFileReference; lastKnownFileType = sourcecode.swift; path = LoginViewController.swift; sourceTree = "<group>"; };
		4CAD76811FED3B8D00EDE859 /* DataCenter.swift */ = {isa = PBXFileReference; lastKnownFileType = sourcecode.swift; path = DataCenter.swift; sourceTree = "<group>"; };
		4CBD557C1FED043300D37FE8 /* GoogleService-Info.plist */ = {isa = PBXFileReference; fileEncoding = 4; lastKnownFileType = text.plist.xml; path = "GoogleService-Info.plist"; sourceTree = "<group>"; };
		4CE4F5D51FFEAC410047E9F9 /* AddPetInformationViewController.swift */ = {isa = PBXFileReference; fileEncoding = 4; lastKnownFileType = sourcecode.swift; path = AddPetInformationViewController.swift; sourceTree = "<group>"; };
		4CE4F5D61FFEAC410047E9F9 /* AddUserInformationViewController.swift */ = {isa = PBXFileReference; fileEncoding = 4; lastKnownFileType = sourcecode.swift; path = AddUserInformationViewController.swift; sourceTree = "<group>"; };
		4CE4F5D91FFEAD2B0047E9F9 /* Extension.swift */ = {isa = PBXFileReference; fileEncoding = 4; lastKnownFileType = sourcecode.swift; path = Extension.swift; sourceTree = "<group>"; };
		4CE4F5DB1FFEAD5A0047E9F9 /* PetAgeCollectionViewCell.swift */ = {isa = PBXFileReference; fileEncoding = 4; lastKnownFileType = sourcecode.swift; path = PetAgeCollectionViewCell.swift; sourceTree = "<group>"; };
		4CE4F5DC1FFEAD5A0047E9F9 /* PetFunctionalCollectionViewCell.swift */ = {isa = PBXFileReference; fileEncoding = 4; lastKnownFileType = sourcecode.swift; path = PetFunctionalCollectionViewCell.swift; sourceTree = "<group>"; };
/* End PBXFileReference section */

/* Begin PBXFrameworksBuildPhase section */
		4C01C8571FEB886B0016E674 /* Frameworks */ = {
			isa = PBXFrameworksBuildPhase;
			buildActionMask = 2147483647;
			files = (
				14C19B441FF3DB43001B8229 /* MessageUI.framework in Frameworks */,
				6ACED27F2266C806A26F1AEA /* Pods_FeedPet.framework in Frameworks */,
			);
			runOnlyForDeploymentPostprocessing = 0;
		};
/* End PBXFrameworksBuildPhase section */

/* Begin PBXGroup section */
		14035C041FF24E95005ABAE0 /* MyPage */ = {
			isa = PBXGroup;
			children = (
				14035C101FF24E95005ABAE0 /* MyPage.storyboard */,
				14DA009C1FF671D200819A96 /* MyPageDataCenter.swift */,
				14035C111FF24E95005ABAE0 /* MyPageView */,
				14035C0C1FF24E95005ABAE0 /* EditInfoView */,
				14035C051FF24E95005ABAE0 /* AlarmSettingView */,
				14417CAF1FF2DC2100EA77B3 /* FAQView */,
				14417CB41FF2F02000EA77B3 /* TermsOfUseView */,
				148F3F761FF51B4600E83B6B /* TeamIntroductionView */,
				14DC31AC1FFD5F4500C046F4 /* LeaveMembershipView */,
			);
			path = MyPage;
			sourceTree = "<group>";
		};
		14035C051FF24E95005ABAE0 /* AlarmSettingView */ = {
			isa = PBXGroup;
			children = (
				14035C071FF24E95005ABAE0 /* AlarmSettingViewController.swift */,
				14BF2FD21FF4111E00E5D2BE /* AlarmMealTimePickerViewController.swift */,
				14035C091FF24E95005ABAE0 /* TotalAlarmSwitchCell.swift */,
				14035C081FF24E95005ABAE0 /* AlarmSwitchCell.swift */,
			);
			path = AlarmSettingView;
			sourceTree = "<group>";
		};
		14035C0C1FF24E95005ABAE0 /* EditInfoView */ = {
			isa = PBXGroup;
			children = (
				14035C0D1FF24E95005ABAE0 /* EditInfoViewController.swift */,
				14035C0E1FF24E95005ABAE0 /* MyInfoCell.swift */,
				14035C0F1FF24E95005ABAE0 /* PetInfoCell.swift */,
			);
			path = EditInfoView;
			sourceTree = "<group>";
		};
		14035C111FF24E95005ABAE0 /* MyPageView */ = {
			isa = PBXGroup;
			children = (
				14035C131FF24E95005ABAE0 /* MyPageViewController.swift */,
				14035C141FF24E95005ABAE0 /* ProfileCell.swift */,
				14035C121FF24E95005ABAE0 /* MyMenuCell.swift */,
				14035C151FF24E95005ABAE0 /* SettingCell.swift */,
				14035C161FF24E95005ABAE0 /* SettingHeaderCell.swift */,
			);
			path = MyPageView;
			sourceTree = "<group>";
		};
		14417CAF1FF2DC2100EA77B3 /* FAQView */ = {
			isa = PBXGroup;
			children = (
				14417CB01FF2DC5D00EA77B3 /* FAQViewController.swift */,
				14417CB21FF2DF7200EA77B3 /* FAQDetailViewController.swift */,
			);
			path = FAQView;
			sourceTree = "<group>";
		};
		14417CB41FF2F02000EA77B3 /* TermsOfUseView */ = {
			isa = PBXGroup;
			children = (
				14417CB51FF2F06500EA77B3 /* TermsOfUseViewController.swift */,
			);
			path = TermsOfUseView;
			sourceTree = "<group>";
		};
		148F3F761FF51B4600E83B6B /* TeamIntroductionView */ = {
			isa = PBXGroup;
			children = (
				148F3F771FF51BB500E83B6B /* TeamIntroductionViewController.swift */,
				14DA008D1FF598D700819A96 /* IntroductionImageCell.swift */,
				14DA008F1FF598E700819A96 /* TeamLbCell.swift */,
				14DA008B1FF58C4700819A96 /* TeamMemberIntroductionCell.swift */,
			);
			path = TeamIntroductionView;
			sourceTree = "<group>";
		};
		14DC31AC1FFD5F4500C046F4 /* LeaveMembershipView */ = {
			isa = PBXGroup;
			children = (
				14DC31AF1FFD687800C046F4 /* LeaveMembershipViewController.swift */,
				14DA00941FF6570E00819A96 /* LeaveMembershipHeaderCell.swift */,
				14DA00961FF6572A00819A96 /* LeaveMembershipReasonCell.swift */,
				14E193701FFCF7170064C95E /* LeaveMembershipEtcReasonCell.swift */,
				14DA00981FF6573D00819A96 /* LeaveMembershipBtnCell.swift */,
			);
			path = LeaveMembershipView;
			sourceTree = "<group>";
		};
		4004771B0EC50C50DB0E50C7 /* Frameworks */ = {
			isa = PBXGroup;
			children = (
				14C19B431FF3DB38001B8229 /* MessageUI.framework */,
				3219B4369B3766416839B81B /* Pods_FeedPet.framework */,
			);
			name = Frameworks;
			sourceTree = "<group>";
		};
		4BCC8761E3849E5028AC561E /* Pods */ = {
			isa = PBXGroup;
			children = (
				155F8EE9A3FF90944F5A4F83 /* Pods-FeedPet.debug.xcconfig */,
				3A3C22C8F7964B2242907916 /* Pods-FeedPet.release.xcconfig */,
			);
			name = Pods;
			sourceTree = "<group>";
		};
		4C01C8511FEB886B0016E674 = {
			isa = PBXGroup;
			children = (
				4C01C85C1FEB886B0016E674 /* FeedPet */,
				4C01C85B1FEB886B0016E674 /* Products */,
				4BCC8761E3849E5028AC561E /* Pods */,
				4004771B0EC50C50DB0E50C7 /* Frameworks */,
			);
			sourceTree = "<group>";
		};
		4C01C85B1FEB886B0016E674 /* Products */ = {
			isa = PBXGroup;
			children = (
				4C01C85A1FEB886B0016E674 /* FeedPet.app */,
			);
			name = Products;
			sourceTree = "<group>";
		};
		4C01C85C1FEB886B0016E674 /* FeedPet */ = {
			isa = PBXGroup;
			children = (
				4C01C8661FEB886B0016E674 /* LaunchScreen.storyboard */,
				4C01C8611FEB886B0016E674 /* Main.storyboard */,
				4C01C85D1FEB886B0016E674 /* AppDelegate.swift */,
				4CAD767F1FED142E00EDE859 /* LoginViewController.swift */,
				4CE4F5D51FFEAC410047E9F9 /* AddPetInformationViewController.swift */,
				4CE4F5D61FFEAC410047E9F9 /* AddUserInformationViewController.swift */,
				4CAD76811FED3B8D00EDE859 /* DataCenter.swift */,
				4CE4F5D91FFEAD2B0047E9F9 /* Extension.swift */,
				4CE4F5DB1FFEAD5A0047E9F9 /* PetAgeCollectionViewCell.swift */,
				4CE4F5DC1FFEAD5A0047E9F9 /* PetFunctionalCollectionViewCell.swift */,
				4C5FBD611FFEB2CA004C66EE /* Main */,
				14035C041FF24E95005ABAE0 /* MyPage */,
				4CAD767C1FED138600EDE859 /* Design */,
				4C01C8641FEB886B0016E674 /* Assets.xcassets */,
				4C01C8691FEB886B0016E674 /* Info.plist */,
				4CBD557C1FED043300D37FE8 /* GoogleService-Info.plist */,
			);
			path = FeedPet;
			sourceTree = "<group>";
		};
		4C5FBD611FFEB2CA004C66EE /* Main */ = {
			isa = PBXGroup;
			children = (
				4C5FBD681FFEB35F004C66EE /* MainMenuIconCollectionViewCell.swift */,
				4C5FBD691FFEB35F004C66EE /* MainMenuIconCollectionViewCell.xib */,
				4C5FBD6A1FFEB35F004C66EE /* MainViewController.swift */,
				4C5FBD6B1FFEB35F004C66EE /* PageControllerBaseController.swift */,
				4C5FBD631FFEB2E3004C66EE /* CatMain */,
				4C5FBD621FFEB2DC004C66EE /* DogMain */,
			);
			path = Main;
			sourceTree = "<group>";
		};
		4C5FBD621FFEB2DC004C66EE /* DogMain */ = {
			isa = PBXGroup;
			children = (
				4C5FBD641FFEB351004C66EE /* DogMainViewController.swift */,
			);
			path = DogMain;
			sourceTree = "<group>";
		};
		4C5FBD631FFEB2E3004C66EE /* CatMain */ = {
			isa = PBXGroup;
			children = (
				4C5FBD661FFEB357004C66EE /* CatMainViewController.swift */,
			);
			path = CatMain;
			sourceTree = "<group>";
		};
		4CAD767C1FED138600EDE859 /* Design */ = {
			isa = PBXGroup;
			children = (
				4CAD767D1FED13BF00EDE859 /* loginVideo.mov */,
			);
			path = Design;
			sourceTree = "<group>";
		};
/* End PBXGroup section */

/* Begin PBXNativeTarget section */
		4C01C8591FEB886B0016E674 /* FeedPet */ = {
			isa = PBXNativeTarget;
			buildConfigurationList = 4C01C86C1FEB886B0016E674 /* Build configuration list for PBXNativeTarget "FeedPet" */;
			buildPhases = (
				D715E411BF72435329EA57FD /* [CP] Check Pods Manifest.lock */,
				4C01C8561FEB886B0016E674 /* Sources */,
				4C01C8571FEB886B0016E674 /* Frameworks */,
				4C01C8581FEB886B0016E674 /* Resources */,
				4F6A2E0BE22EA21EF5B38554 /* [CP] Embed Pods Frameworks */,
				FBDD9431A842B556A4FBDA99 /* [CP] Copy Pods Resources */,
			);
			buildRules = (
			);
			dependencies = (
			);
			name = FeedPet;
			productName = FeedPet;
			productReference = 4C01C85A1FEB886B0016E674 /* FeedPet.app */;
			productType = "com.apple.product-type.application";
		};
/* End PBXNativeTarget section */

/* Begin PBXProject section */
		4C01C8521FEB886B0016E674 /* Project object */ = {
			isa = PBXProject;
			attributes = {
				LastSwiftUpdateCheck = 0920;
				LastUpgradeCheck = 0920;
				ORGANIZATIONNAME = HwangGisu;
				TargetAttributes = {
					4C01C8591FEB886B0016E674 = {
						CreatedOnToolsVersion = 9.2;
						ProvisioningStyle = Automatic;
					};
				};
			};
			buildConfigurationList = 4C01C8551FEB886B0016E674 /* Build configuration list for PBXProject "FeedPet" */;
			compatibilityVersion = "Xcode 8.0";
			developmentRegion = en;
			hasScannedForEncodings = 0;
			knownRegions = (
				en,
				Base,
			);
			mainGroup = 4C01C8511FEB886B0016E674;
			productRefGroup = 4C01C85B1FEB886B0016E674 /* Products */;
			projectDirPath = "";
			projectRoot = "";
			targets = (
				4C01C8591FEB886B0016E674 /* FeedPet */,
			);
		};
/* End PBXProject section */

/* Begin PBXResourcesBuildPhase section */
		4C01C8581FEB886B0016E674 /* Resources */ = {
			isa = PBXResourcesBuildPhase;
			buildActionMask = 2147483647;
			files = (
				4C01C8681FEB886B0016E674 /* LaunchScreen.storyboard in Resources */,
				4CBD557D1FED043300D37FE8 /* GoogleService-Info.plist in Resources */,
				4C5FBD6D1FFEB35F004C66EE /* MainMenuIconCollectionViewCell.xib in Resources */,
				4C01C8651FEB886B0016E674 /* Assets.xcassets in Resources */,
				14035C1F1FF24E95005ABAE0 /* MyPage.storyboard in Resources */,
				4C01C8631FEB886B0016E674 /* Main.storyboard in Resources */,
				4CAD767E1FED13BF00EDE859 /* loginVideo.mov in Resources */,
			);
			runOnlyForDeploymentPostprocessing = 0;
		};
/* End PBXResourcesBuildPhase section */

/* Begin PBXShellScriptBuildPhase section */
		4F6A2E0BE22EA21EF5B38554 /* [CP] Embed Pods Frameworks */ = {
			isa = PBXShellScriptBuildPhase;
			buildActionMask = 2147483647;
			files = (
			);
			inputPaths = (
				"${SRCROOT}/Pods/Target Support Files/Pods-FeedPet/Pods-FeedPet-frameworks.sh",
				"${BUILT_PRODUCTS_DIR}/Bolts/Bolts.framework",
				"${BUILT_PRODUCTS_DIR}/FBSDKCoreKit/FBSDKCoreKit.framework",
				"${BUILT_PRODUCTS_DIR}/FBSDKLoginKit/FBSDKLoginKit.framework",
				"${BUILT_PRODUCTS_DIR}/FBSDKShareKit/FBSDKShareKit.framework",
				"${BUILT_PRODUCTS_DIR}/FacebookCore/FacebookCore.framework",
				"${BUILT_PRODUCTS_DIR}/FacebookLogin/FacebookLogin.framework",
				"${BUILT_PRODUCTS_DIR}/FacebookShare/FacebookShare.framework",
				"${BUILT_PRODUCTS_DIR}/GTMOAuth2/GTMOAuth2.framework",
				"${BUILT_PRODUCTS_DIR}/GTMSessionFetcher/GTMSessionFetcher.framework",
				"${BUILT_PRODUCTS_DIR}/GoogleToolboxForMac/GoogleToolboxForMac.framework",
				"${BUILT_PRODUCTS_DIR}/SwiftyJSON/SwiftyJSON.framework",
				"${BUILT_PRODUCTS_DIR}/XLPagerTabStrip/XLPagerTabStrip.framework",
				"${BUILT_PRODUCTS_DIR}/leveldb-library/leveldb.framework",
				"${BUILT_PRODUCTS_DIR}/nanopb/nanopb.framework",
			);
			name = "[CP] Embed Pods Frameworks";
			outputPaths = (
				"${TARGET_BUILD_DIR}/${FRAMEWORKS_FOLDER_PATH}/Bolts.framework",
				"${TARGET_BUILD_DIR}/${FRAMEWORKS_FOLDER_PATH}/FBSDKCoreKit.framework",
				"${TARGET_BUILD_DIR}/${FRAMEWORKS_FOLDER_PATH}/FBSDKLoginKit.framework",
				"${TARGET_BUILD_DIR}/${FRAMEWORKS_FOLDER_PATH}/FBSDKShareKit.framework",
				"${TARGET_BUILD_DIR}/${FRAMEWORKS_FOLDER_PATH}/FacebookCore.framework",
				"${TARGET_BUILD_DIR}/${FRAMEWORKS_FOLDER_PATH}/FacebookLogin.framework",
				"${TARGET_BUILD_DIR}/${FRAMEWORKS_FOLDER_PATH}/FacebookShare.framework",
				"${TARGET_BUILD_DIR}/${FRAMEWORKS_FOLDER_PATH}/GTMOAuth2.framework",
				"${TARGET_BUILD_DIR}/${FRAMEWORKS_FOLDER_PATH}/GTMSessionFetcher.framework",
				"${TARGET_BUILD_DIR}/${FRAMEWORKS_FOLDER_PATH}/GoogleToolboxForMac.framework",
				"${TARGET_BUILD_DIR}/${FRAMEWORKS_FOLDER_PATH}/SwiftyJSON.framework",
				"${TARGET_BUILD_DIR}/${FRAMEWORKS_FOLDER_PATH}/XLPagerTabStrip.framework",
				"${TARGET_BUILD_DIR}/${FRAMEWORKS_FOLDER_PATH}/leveldb.framework",
				"${TARGET_BUILD_DIR}/${FRAMEWORKS_FOLDER_PATH}/nanopb.framework",
			);
			runOnlyForDeploymentPostprocessing = 0;
			shellPath = /bin/sh;
			shellScript = "\"${SRCROOT}/Pods/Target Support Files/Pods-FeedPet/Pods-FeedPet-frameworks.sh\"\n";
			showEnvVarsInLog = 0;
		};
		D715E411BF72435329EA57FD /* [CP] Check Pods Manifest.lock */ = {
			isa = PBXShellScriptBuildPhase;
			buildActionMask = 2147483647;
			files = (
			);
			inputPaths = (
				"${PODS_PODFILE_DIR_PATH}/Podfile.lock",
				"${PODS_ROOT}/Manifest.lock",
			);
			name = "[CP] Check Pods Manifest.lock";
			outputPaths = (
				"$(DERIVED_FILE_DIR)/Pods-FeedPet-checkManifestLockResult.txt",
			);
			runOnlyForDeploymentPostprocessing = 0;
			shellPath = /bin/sh;
			shellScript = "diff \"${PODS_PODFILE_DIR_PATH}/Podfile.lock\" \"${PODS_ROOT}/Manifest.lock\" > /dev/null\nif [ $? != 0 ] ; then\n    # print error to STDERR\n    echo \"error: The sandbox is not in sync with the Podfile.lock. Run 'pod install' or update your CocoaPods installation.\" >&2\n    exit 1\nfi\n# This output is used by Xcode 'outputs' to avoid re-running this script phase.\necho \"SUCCESS\" > \"${SCRIPT_OUTPUT_FILE_0}\"\n";
			showEnvVarsInLog = 0;
		};
		FBDD9431A842B556A4FBDA99 /* [CP] Copy Pods Resources */ = {
			isa = PBXShellScriptBuildPhase;
			buildActionMask = 2147483647;
			files = (
			);
			inputPaths = (
				"${SRCROOT}/Pods/Target Support Files/Pods-FeedPet/Pods-FeedPet-resources.sh",
				"${PODS_ROOT}/GoogleSignIn/Resources/GoogleSignIn.bundle",
			);
			name = "[CP] Copy Pods Resources";
			outputPaths = (
				"${TARGET_BUILD_DIR}/${UNLOCALIZED_RESOURCES_FOLDER_PATH}",
			);
			runOnlyForDeploymentPostprocessing = 0;
			shellPath = /bin/sh;
			shellScript = "\"${SRCROOT}/Pods/Target Support Files/Pods-FeedPet/Pods-FeedPet-resources.sh\"\n";
			showEnvVarsInLog = 0;
		};
/* End PBXShellScriptBuildPhase section */

/* Begin PBXSourcesBuildPhase section */
		4C01C8561FEB886B0016E674 /* Sources */ = {
			isa = PBXSourcesBuildPhase;
			buildActionMask = 2147483647;
			files = (
				4CAD76821FED3B8D00EDE859 /* DataCenter.swift in Sources */,
				14417CB31FF2DF7200EA77B3 /* FAQDetailViewController.swift in Sources */,
				14DA008C1FF58C4700819A96 /* TeamMemberIntroductionCell.swift in Sources */,
				4C5FBD671FFEB357004C66EE /* CatMainViewController.swift in Sources */,
				4CE4F5DE1FFEAD5A0047E9F9 /* PetFunctionalCollectionViewCell.swift in Sources */,
				14DA008E1FF598D700819A96 /* IntroductionImageCell.swift in Sources */,
				14DA00991FF6573D00819A96 /* LeaveMembershipBtnCell.swift in Sources */,
				4CE4F5DD1FFEAD5A0047E9F9 /* PetAgeCollectionViewCell.swift in Sources */,
				14035C1A1FF24E95005ABAE0 /* TotalAlarmSwitchCell.swift in Sources */,
				14035C181FF24E95005ABAE0 /* AlarmSettingViewController.swift in Sources */,
				14417CB61FF2F06500EA77B3 /* TermsOfUseViewController.swift in Sources */,
				4C01C85E1FEB886B0016E674 /* AppDelegate.swift in Sources */,
				14DA00901FF598E700819A96 /* TeamLbCell.swift in Sources */,
				14035C201FF24E95005ABAE0 /* MyMenuCell.swift in Sources */,
				4CAD76801FED142E00EDE859 /* LoginViewController.swift in Sources */,
				14035C241FF24E95005ABAE0 /* SettingHeaderCell.swift in Sources */,
				14035C221FF24E95005ABAE0 /* ProfileCell.swift in Sources */,
				4C5FBD6C1FFEB35F004C66EE /* MainMenuIconCollectionViewCell.swift in Sources */,
				14DC31B01FFD687800C046F4 /* LeaveMembershipViewController.swift in Sources */,
				4CE4F5D81FFEAC410047E9F9 /* AddUserInformationViewController.swift in Sources */,
				14035C231FF24E95005ABAE0 /* SettingCell.swift in Sources */,
				4C5FBD6E1FFEB35F004C66EE /* MainViewController.swift in Sources */,
				14035C211FF24E95005ABAE0 /* MyPageViewController.swift in Sources */,
				4C5FBD6F1FFEB35F004C66EE /* PageControllerBaseController.swift in Sources */,
				4CE4F5D71FFEAC410047E9F9 /* AddPetInformationViewController.swift in Sources */,
				14DA009D1FF671D200819A96 /* MyPageDataCenter.swift in Sources */,
				14035C1C1FF24E95005ABAE0 /* EditInfoViewController.swift in Sources */,
				14BF2FD31FF4111E00E5D2BE /* AlarmMealTimePickerViewController.swift in Sources */,
				4CE4F5DA1FFEAD2B0047E9F9 /* Extension.swift in Sources */,
				14E193711FFCF7170064C95E /* LeaveMembershipEtcReasonCell.swift in Sources */,
				148F3F781FF51BB500E83B6B /* TeamIntroductionViewController.swift in Sources */,
				14035C1E1FF24E95005ABAE0 /* PetInfoCell.swift in Sources */,
				4C5FBD651FFEB351004C66EE /* DogMainViewController.swift in Sources */,
				14DA00951FF6570E00819A96 /* LeaveMembershipHeaderCell.swift in Sources */,
				14DA00971FF6572A00819A96 /* LeaveMembershipReasonCell.swift in Sources */,
				14417CB11FF2DC5D00EA77B3 /* FAQViewController.swift in Sources */,
				14035C1D1FF24E95005ABAE0 /* MyInfoCell.swift in Sources */,
				14035C191FF24E95005ABAE0 /* AlarmSwitchCell.swift in Sources */,
			);
			runOnlyForDeploymentPostprocessing = 0;
		};
/* End PBXSourcesBuildPhase section */

/* Begin PBXVariantGroup section */
		4C01C8611FEB886B0016E674 /* Main.storyboard */ = {
			isa = PBXVariantGroup;
			children = (
				4C01C8621FEB886B0016E674 /* Base */,
			);
			name = Main.storyboard;
			sourceTree = "<group>";
		};
		4C01C8661FEB886B0016E674 /* LaunchScreen.storyboard */ = {
			isa = PBXVariantGroup;
			children = (
				4C01C8671FEB886B0016E674 /* Base */,
			);
			name = LaunchScreen.storyboard;
			sourceTree = "<group>";
		};
/* End PBXVariantGroup section */

/* Begin XCBuildConfiguration section */
		4C01C86A1FEB886B0016E674 /* Debug */ = {
			isa = XCBuildConfiguration;
			buildSettings = {
				ALWAYS_SEARCH_USER_PATHS = NO;
				CLANG_ANALYZER_NONNULL = YES;
				CLANG_ANALYZER_NUMBER_OBJECT_CONVERSION = YES_AGGRESSIVE;
				CLANG_CXX_LANGUAGE_STANDARD = "gnu++14";
				CLANG_CXX_LIBRARY = "libc++";
				CLANG_ENABLE_MODULES = YES;
				CLANG_ENABLE_OBJC_ARC = YES;
				CLANG_WARN_BLOCK_CAPTURE_AUTORELEASING = YES;
				CLANG_WARN_BOOL_CONVERSION = YES;
				CLANG_WARN_COMMA = YES;
				CLANG_WARN_CONSTANT_CONVERSION = YES;
				CLANG_WARN_DIRECT_OBJC_ISA_USAGE = YES_ERROR;
				CLANG_WARN_DOCUMENTATION_COMMENTS = YES;
				CLANG_WARN_EMPTY_BODY = YES;
				CLANG_WARN_ENUM_CONVERSION = YES;
				CLANG_WARN_INFINITE_RECURSION = YES;
				CLANG_WARN_INT_CONVERSION = YES;
				CLANG_WARN_NON_LITERAL_NULL_CONVERSION = YES;
				CLANG_WARN_OBJC_LITERAL_CONVERSION = YES;
				CLANG_WARN_OBJC_ROOT_CLASS = YES_ERROR;
				CLANG_WARN_RANGE_LOOP_ANALYSIS = YES;
				CLANG_WARN_STRICT_PROTOTYPES = YES;
				CLANG_WARN_SUSPICIOUS_MOVE = YES;
				CLANG_WARN_UNGUARDED_AVAILABILITY = YES_AGGRESSIVE;
				CLANG_WARN_UNREACHABLE_CODE = YES;
				CLANG_WARN__DUPLICATE_METHOD_MATCH = YES;
				CODE_SIGN_IDENTITY = "iPhone Developer";
				COPY_PHASE_STRIP = NO;
				DEBUG_INFORMATION_FORMAT = dwarf;
				ENABLE_STRICT_OBJC_MSGSEND = YES;
				ENABLE_TESTABILITY = YES;
				GCC_C_LANGUAGE_STANDARD = gnu11;
				GCC_DYNAMIC_NO_PIC = NO;
				GCC_NO_COMMON_BLOCKS = YES;
				GCC_OPTIMIZATION_LEVEL = 0;
				GCC_PREPROCESSOR_DEFINITIONS = (
					"DEBUG=1",
					"$(inherited)",
				);
				GCC_WARN_64_TO_32_BIT_CONVERSION = YES;
				GCC_WARN_ABOUT_RETURN_TYPE = YES_ERROR;
				GCC_WARN_UNDECLARED_SELECTOR = YES;
				GCC_WARN_UNINITIALIZED_AUTOS = YES_AGGRESSIVE;
				GCC_WARN_UNUSED_FUNCTION = YES;
				GCC_WARN_UNUSED_VARIABLE = YES;
				IPHONEOS_DEPLOYMENT_TARGET = 11.2;
				MTL_ENABLE_DEBUG_INFO = YES;
				ONLY_ACTIVE_ARCH = YES;
				SDKROOT = iphoneos;
				SWIFT_ACTIVE_COMPILATION_CONDITIONS = DEBUG;
				SWIFT_OPTIMIZATION_LEVEL = "-Onone";
			};
			name = Debug;
		};
		4C01C86B1FEB886B0016E674 /* Release */ = {
			isa = XCBuildConfiguration;
			buildSettings = {
				ALWAYS_SEARCH_USER_PATHS = NO;
				CLANG_ANALYZER_NONNULL = YES;
				CLANG_ANALYZER_NUMBER_OBJECT_CONVERSION = YES_AGGRESSIVE;
				CLANG_CXX_LANGUAGE_STANDARD = "gnu++14";
				CLANG_CXX_LIBRARY = "libc++";
				CLANG_ENABLE_MODULES = YES;
				CLANG_ENABLE_OBJC_ARC = YES;
				CLANG_WARN_BLOCK_CAPTURE_AUTORELEASING = YES;
				CLANG_WARN_BOOL_CONVERSION = YES;
				CLANG_WARN_COMMA = YES;
				CLANG_WARN_CONSTANT_CONVERSION = YES;
				CLANG_WARN_DIRECT_OBJC_ISA_USAGE = YES_ERROR;
				CLANG_WARN_DOCUMENTATION_COMMENTS = YES;
				CLANG_WARN_EMPTY_BODY = YES;
				CLANG_WARN_ENUM_CONVERSION = YES;
				CLANG_WARN_INFINITE_RECURSION = YES;
				CLANG_WARN_INT_CONVERSION = YES;
				CLANG_WARN_NON_LITERAL_NULL_CONVERSION = YES;
				CLANG_WARN_OBJC_LITERAL_CONVERSION = YES;
				CLANG_WARN_OBJC_ROOT_CLASS = YES_ERROR;
				CLANG_WARN_RANGE_LOOP_ANALYSIS = YES;
				CLANG_WARN_STRICT_PROTOTYPES = YES;
				CLANG_WARN_SUSPICIOUS_MOVE = YES;
				CLANG_WARN_UNGUARDED_AVAILABILITY = YES_AGGRESSIVE;
				CLANG_WARN_UNREACHABLE_CODE = YES;
				CLANG_WARN__DUPLICATE_METHOD_MATCH = YES;
				CODE_SIGN_IDENTITY = "iPhone Developer";
				COPY_PHASE_STRIP = NO;
				DEBUG_INFORMATION_FORMAT = "dwarf-with-dsym";
				ENABLE_NS_ASSERTIONS = NO;
				ENABLE_STRICT_OBJC_MSGSEND = YES;
				GCC_C_LANGUAGE_STANDARD = gnu11;
				GCC_NO_COMMON_BLOCKS = YES;
				GCC_WARN_64_TO_32_BIT_CONVERSION = YES;
				GCC_WARN_ABOUT_RETURN_TYPE = YES_ERROR;
				GCC_WARN_UNDECLARED_SELECTOR = YES;
				GCC_WARN_UNINITIALIZED_AUTOS = YES_AGGRESSIVE;
				GCC_WARN_UNUSED_FUNCTION = YES;
				GCC_WARN_UNUSED_VARIABLE = YES;
				IPHONEOS_DEPLOYMENT_TARGET = 11.2;
				MTL_ENABLE_DEBUG_INFO = NO;
				SDKROOT = iphoneos;
				SWIFT_OPTIMIZATION_LEVEL = "-Owholemodule";
				VALIDATE_PRODUCT = YES;
			};
			name = Release;
		};
		4C01C86D1FEB886B0016E674 /* Debug */ = {
			isa = XCBuildConfiguration;
			baseConfigurationReference = 155F8EE9A3FF90944F5A4F83 /* Pods-FeedPet.debug.xcconfig */;
			buildSettings = {
				ASSETCATALOG_COMPILER_APPICON_NAME = AppIcon;
				CODE_SIGN_STYLE = Automatic;
				DEVELOPMENT_TEAM = PV38XQ6LPC;
				INFOPLIST_FILE = FeedPet/Info.plist;
				IPHONEOS_DEPLOYMENT_TARGET = 11.1;
				LD_RUNPATH_SEARCH_PATHS = "$(inherited) @executable_path/Frameworks";
				PRODUCT_BUNDLE_IDENTIFIER = gisuhwang.FeedPet;
				PRODUCT_NAME = "$(TARGET_NAME)";
				SWIFT_VERSION = 3.0;
				TARGETED_DEVICE_FAMILY = "1,2";
			};
			name = Debug;
		};
		4C01C86E1FEB886B0016E674 /* Release */ = {
			isa = XCBuildConfiguration;
			baseConfigurationReference = 3A3C22C8F7964B2242907916 /* Pods-FeedPet.release.xcconfig */;
			buildSettings = {
				ASSETCATALOG_COMPILER_APPICON_NAME = AppIcon;
				CODE_SIGN_STYLE = Automatic;
				DEVELOPMENT_TEAM = PV38XQ6LPC;
				INFOPLIST_FILE = FeedPet/Info.plist;
				IPHONEOS_DEPLOYMENT_TARGET = 11.1;
				LD_RUNPATH_SEARCH_PATHS = "$(inherited) @executable_path/Frameworks";
				PRODUCT_BUNDLE_IDENTIFIER = gisuhwang.FeedPet;
				PRODUCT_NAME = "$(TARGET_NAME)";
				SWIFT_VERSION = 3.0;
				TARGETED_DEVICE_FAMILY = "1,2";
			};
			name = Release;
		};
/* End XCBuildConfiguration section */

/* Begin XCConfigurationList section */
		4C01C8551FEB886B0016E674 /* Build configuration list for PBXProject "FeedPet" */ = {
			isa = XCConfigurationList;
			buildConfigurations = (
				4C01C86A1FEB886B0016E674 /* Debug */,
				4C01C86B1FEB886B0016E674 /* Release */,
			);
			defaultConfigurationIsVisible = 0;
			defaultConfigurationName = Release;
		};
		4C01C86C1FEB886B0016E674 /* Build configuration list for PBXNativeTarget "FeedPet" */ = {
			isa = XCConfigurationList;
			buildConfigurations = (
				4C01C86D1FEB886B0016E674 /* Debug */,
				4C01C86E1FEB886B0016E674 /* Release */,
			);
			defaultConfigurationIsVisible = 0;
			defaultConfigurationName = Release;
		};
/* End XCConfigurationList section */
	};
	rootObject = 4C01C8521FEB886B0016E674 /* Project object */;
}
